
Microsoft Visual Studio Solution File, Format Version 12.00
# Visual Studio for Mac
Project("{FAE04EC0-301F-11D3-BF4B-00C04F79EFBC}") = "VR_TEST_G4", "Assembly-CSharp.csproj", "{9EBFE8C3-0D2A-05F0-6AC3-E5AB42BAB41F}"
EndProject
Project("{FAE04EC0-301F-11D3-BF4B-00C04F79EFBC}") = "VR_TEST_G4", "Assembly-CSharp-Editor.csproj", "{68E7FE24-C8C5-EF3C-E74E-E374CA6CDA5A}"
EndProject
Global
	GlobalSection(SolutionConfigurationPlatforms) = preSolution
		Debug|Any CPU = Debug|Any CPU
		Release|Any CPU = Release|Any CPU
	EndGlobalSection
	GlobalSection(ProjectConfigurationPlatforms) = postSolution
		{9EBFE8C3-0D2A-05F0-6AC3-E5AB42BAB41F}.Debug|Any CPU.ActiveCfg = Debug|Any CPU
		{9EBFE8C3-0D2A-05F0-6AC3-E5AB42BAB41F}.Debug|Any CPU.Build.0 = Debug|Any CPU
		{9EBFE8C3-0D2A-05F0-6AC3-E5AB42BAB41F}.Release|Any CPU.ActiveCfg = Release|Any CPU
		{9EBFE8C3-0D2A-05F0-6AC3-E5AB42BAB41F}.Release|Any CPU.Build.0 = Release|Any CPU
		{68E7FE24-C8C5-EF3C-E74E-E374CA6CDA5A}.Debug|Any CPU.ActiveCfg = Debug|Any CPU
		{68E7FE24-C8C5-EF3C-E74E-E374CA6CDA5A}.Debug|Any CPU.Build.0 = Debug|Any CPU
		{68E7FE24-C8C5-EF3C-E74E-E374CA6CDA5A}.Release|Any CPU.ActiveCfg = Release|Any CPU
		{68E7FE24-C8C5-EF3C-E74E-E374CA6CDA5A}.Release|Any CPU.Build.0 = Release|Any CPU
	EndGlobalSection
	GlobalSection(SolutionProperties) = preSolution
		HideSolutionNode = FALSE
	EndGlobalSection
EndGlobal
